# This file is automatically @generated by Cargo.
# It is not intended for manual editing.
version = 4

[[package]]
name = "arrays"
version = "0.1.0"

[[package]]
name = "graphs"
version = "0.1.0"

[[package]]
name = "linked-lists"
version = "0.1.0"

[[package]]
name = "sorting-algorithms"
version = "0.1.0"

[[package]]
name = "stacks-and-queues"
version = "0.1.0"

[[package]]
name = "trees"
version = "0.1.0"
